
Microsoft Visual Studio Solution File, Format Version 12.00
# Visual Studio Version 16
VisualStudioVersion = 16.0.29920.165
MinimumVisualStudioVersion = 10.0.40219.1
Project("{FAE04EC0-301F-11D3-BF4B-00C04F79EFBC}") = "Ydownloader.Android", "Ydownloader\Ydownloader.Android\Ydownloader.Android.csproj", "{22589B7B-F435-4EE4-9A5D-DA4271D4753D}"
EndProject
Project("{FAE04EC0-301F-11D3-BF4B-00C04F79EFBC}") = "Ydownloader", "Ydownloader\Ydownloader\Ydownloader.csproj", "{216F5093-5DFF-49CE-A3CC-6AA183F5C12B}"
EndProject
Global
	GlobalSection(SolutionConfigurationPlatforms) = preSolution
		Debug|Any CPU = Debug|Any CPU
		Release|Any CPU = Release|Any CPU
	EndGlobalSection
	GlobalSection(ProjectConfigurationPlatforms) = postSolution
		{22589B7B-F435-4EE4-9A5D-DA4271D4753D}.Debug|Any CPU.ActiveCfg = Debug|Any CPU
		{22589B7B-F435-4EE4-9A5D-DA4271D4753D}.Debug|Any CPU.Build.0 = Debug|Any CPU
		{22589B7B-F435-4EE4-9A5D-DA4271D4753D}.Debug|Any CPU.Deploy.0 = Debug|Any CPU
		{22589B7B-F435-4EE4-9A5D-DA4271D4753D}.Release|Any CPU.ActiveCfg = Release|Any CPU
		{22589B7B-F435-4EE4-9A5D-DA4271D4753D}.Release|Any CPU.Build.0 = Release|Any CPU
		{22589B7B-F435-4EE4-9A5D-DA4271D4753D}.Release|Any CPU.Deploy.0 = Release|Any CPU
		{216F5093-5DFF-49CE-A3CC-6AA183F5C12B}.Debug|Any CPU.ActiveCfg = Debug|Any CPU
		{216F5093-5DFF-49CE-A3CC-6AA183F5C12B}.Debug|Any CPU.Build.0 = Debug|Any CPU
		{216F5093-5DFF-49CE-A3CC-6AA183F5C12B}.Debug|Any CPU.Deploy.0 = Debug|Any CPU
		{216F5093-5DFF-49CE-A3CC-6AA183F5C12B}.Release|Any CPU.ActiveCfg = Release|Any CPU
		{216F5093-5DFF-49CE-A3CC-6AA183F5C12B}.Release|Any CPU.Build.0 = Release|Any CPU
		{216F5093-5DFF-49CE-A3CC-6AA183F5C12B}.Release|Any CPU.Deploy.0 = Release|Any CPU
	EndGlobalSection
	GlobalSection(SolutionProperties) = preSolution
		HideSolutionNode = FALSE
	EndGlobalSection
	GlobalSection(ExtensibilityGlobals) = postSolution
		SolutionGuid = {2ED0C62E-5914-485C-8971-EAD07FAD28D3}
	EndGlobalSection
EndGlobal
